# THIS IS AN AUTOGENERATED FILE. DO NOT EDIT THIS FILE DIRECTLY.
# yarn lockfile v1


"@babel/parser@^7.2.3":
  version "7.2.3"
  resolved "https://registry.yarnpkg.com/@babel/parser/-/parser-7.2.3.tgz#32f5df65744b70888d17872ec106b02434ba1489"
  integrity sha512-0LyEcVlfCoFmci8mXx8A5oIkpkOgyo8dRHtxBnK9RRBwxO2+JZPNsqtVEZQ7mJFPxnXF9lfmU24mHOPI0qnlkA==

vlq@^0.2.1:
  version "0.2.3"
  resolved "https://registry.yarnpkg.com/vlq/-/vlq-0.2.3.tgz#8f3e4328cf63b1540c0d67e1b2778386f8975b26"
  integrity sha512-DRibZL6DsNhIgYQ+wNdWDL2SL3bKPlVrRiBqV5yuMm++op8W4kGFtaQfCs4KEJn0wBZcHVHJ3eoywX8983k1ow==
